
Microsoft Visual Studio Solution File, Format Version 12.00
# Visual Studio Version 16
VisualStudioVersion = 16.0.29709.97
MinimumVisualStudioVersion = 10.0.40219.1
Project("{FAE04EC0-301F-11D3-BF4B-00C04F79EFBC}") = "CryptoTrack.UWP", "CryptoTrack.UWP\CryptoTrack.UWP.csproj", "{21577329-8AA5-4E68-AB1B-BC2C961834F1}"
EndProject
Project("{FAE04EC0-301F-11D3-BF4B-00C04F79EFBC}") = "CryptoTrack.Android", "CryptoTrack.Android\CryptoTrack.Android.csproj", "{A9DE7100-F972-4202-AA32-96684A5550CC}"
EndProject
Project("{FAE04EC0-301F-11D3-BF4B-00C04F79EFBC}") = "CryptoTrack.iOS", "CryptoTrack.iOS\CryptoTrack.iOS.csproj", "{1665B5AA-A1F9-4A33-82FE-61B6D0B2360F}"
EndProject
Project("{FAE04EC0-301F-11D3-BF4B-00C04F79EFBC}") = "CryptoTrack", "CryptoTrack\CryptoTrack.csproj", "{FA7B91A6-3D46-402C-8F71-17E8278C4D2E}"
EndProject
Global
	GlobalSection(SolutionConfigurationPlatforms) = preSolution
		Debug|Any CPU = Debug|Any CPU
		Debug|ARM = Debug|ARM
		Debug|iPhone = Debug|iPhone
		Debug|iPhoneSimulator = Debug|iPhoneSimulator
		Debug|x64 = Debug|x64
		Debug|x86 = Debug|x86
		Release|Any CPU = Release|Any CPU
		Release|ARM = Release|ARM
		Release|iPhone = Release|iPhone
		Release|iPhoneSimulator = Release|iPhoneSimulator
		Release|x64 = Release|x64
		Release|x86 = Release|x86
	EndGlobalSection
	GlobalSection(ProjectConfigurationPlatforms) = postSolution
		{21577329-8AA5-4E68-AB1B-BC2C961834F1}.Debug|Any CPU.ActiveCfg = Debug|x86
		{21577329-8AA5-4E68-AB1B-BC2C961834F1}.Debug|Any CPU.Build.0 = Debug|x86
		{21577329-8AA5-4E68-AB1B-BC2C961834F1}.Debug|Any CPU.Deploy.0 = Debug|x86
		{21577329-8AA5-4E68-AB1B-BC2C961834F1}.Debug|ARM.ActiveCfg = Debug|ARM
		{21577329-8AA5-4E68-AB1B-BC2C961834F1}.Debug|ARM.Build.0 = Debug|ARM
		{21577329-8AA5-4E68-AB1B-BC2C961834F1}.Debug|ARM.Deploy.0 = Debug|ARM
		{21577329-8AA5-4E68-AB1B-BC2C961834F1}.Debug|iPhone.ActiveCfg = Debug|x86
		{21577329-8AA5-4E68-AB1B-BC2C961834F1}.Debug|iPhone.Build.0 = Debug|x86
		{21577329-8AA5-4E68-AB1B-BC2C961834F1}.Debug|iPhone.Deploy.0 = Debug|x86
		{21577329-8AA5-4E68-AB1B-BC2C961834F1}.Debug|iPhoneSimulator.ActiveCfg = Debug|x86
		{21577329-8AA5-4E68-AB1B-BC2C961834F1}.Debug|iPhoneSimulator.Build.0 = Debug|x86
		{21577329-8AA5-4E68-AB1B-BC2C961834F1}.Debug|iPhoneSimulator.Deploy.0 = Debug|x86
		{21577329-8AA5-4E68-AB1B-BC2C961834F1}.Debug|x64.ActiveCfg = Debug|x64
		{21577329-8AA5-4E68-AB1B-BC2C961834F1}.Debug|x64.Build.0 = Debug|x64
		{21577329-8AA5-4E68-AB1B-BC2C961834F1}.Debug|x64.Deploy.0 = Debug|x64
		{21577329-8AA5-4E68-AB1B-BC2C961834F1}.Debug|x86.ActiveCfg = Debug|x86
		{21577329-8AA5-4E68-AB1B-BC2C961834F1}.Debug|x86.Build.0 = Debug|x86
		{21577329-8AA5-4E68-AB1B-BC2C961834F1}.Debug|x86.Deploy.0 = Debug|x86
		{21577329-8AA5-4E68-AB1B-BC2C961834F1}.Release|Any CPU.ActiveCfg = Release|x86
		{21577329-8AA5-4E68-AB1B-BC2C961834F1}.Release|Any CPU.Build.0 = Release|x86
		{21577329-8AA5-4E68-AB1B-BC2C961834F1}.Release|Any CPU.Deploy.0 = Release|x86
		{21577329-8AA5-4E68-AB1B-BC2C961834F1}.Release|ARM.ActiveCfg = Release|ARM
		{21577329-8AA5-4E68-AB1B-BC2C961834F1}.Release|ARM.Build.0 = Release|ARM
		{21577329-8AA5-4E68-AB1B-BC2C961834F1}.Release|ARM.Deploy.0 = Release|ARM
		{21577329-8AA5-4E68-AB1B-BC2C961834F1}.Release|iPhone.ActiveCfg = Release|x86
		{21577329-8AA5-4E68-AB1B-BC2C961834F1}.Release|iPhone.Build.0 = Release|x86
		{21577329-8AA5-4E68-AB1B-BC2C961834F1}.Release|iPhone.Deploy.0 = Release|x86
		{21577329-8AA5-4E68-AB1B-BC2C961834F1}.Release|iPhoneSimulator.ActiveCfg = Release|x86
		{21577329-8AA5-4E68-AB1B-BC2C961834F1}.Release|iPhoneSimulator.Build.0 = Release|x86
		{21577329-8AA5-4E68-AB1B-BC2C961834F1}.Release|iPhoneSimulator.Deploy.0 = Release|x86
		{21577329-8AA5-4E68-AB1B-BC2C961834F1}.Release|x64.ActiveCfg = Release|x64
		{21577329-8AA5-4E68-AB1B-BC2C961834F1}.Release|x64.Build.0 = Release|x64
		{21577329-8AA5-4E68-AB1B-BC2C961834F1}.Release|x64.Deploy.0 = Release|x64
		{21577329-8AA5-4E68-AB1B-BC2C961834F1}.Release|x86.ActiveCfg = Release|x86
		{21577329-8AA5-4E68-AB1B-BC2C961834F1}.Release|x86.Build.0 = Release|x86
		{21577329-8AA5-4E68-AB1B-BC2C961834F1}.Release|x86.Deploy.0 = Release|x86
		{A9DE7100-F972-4202-AA32-96684A5550CC}.Debug|Any CPU.ActiveCfg = Debug|Any CPU
		{A9DE7100-F972-4202-AA32-96684A5550CC}.Debug|Any CPU.Build.0 = Debug|Any CPU
		{A9DE7100-F972-4202-AA32-96684A5550CC}.Debug|Any CPU.Deploy.0 = Debug|Any CPU
		{A9DE7100-F972-4202-AA32-96684A5550CC}.Debug|ARM.ActiveCfg = Debug|Any CPU
		{A9DE7100-F972-4202-AA32-96684A5550CC}.Debug|ARM.Build.0 = Debug|Any CPU
		{A9DE7100-F972-4202-AA32-96684A5550CC}.Debug|ARM.Deploy.0 = Debug|Any CPU
		{A9DE7100-F972-4202-AA32-96684A5550CC}.Debug|iPhone.ActiveCfg = Debug|Any CPU
		{A9DE7100-F972-4202-AA32-96684A5550CC}.Debug|iPhone.Build.0 = Debug|Any CPU
		{A9DE7100-F972-4202-AA32-96684A5550CC}.Debug|iPhone.Deploy.0 = Debug|Any CPU
		{A9DE7100-F972-4202-AA32-96684A5550CC}.Debug|iPhoneSimulator.ActiveCfg = Debug|Any CPU
		{A9DE7100-F972-4202-AA32-96684A5550CC}.Debug|iPhoneSimulator.Build.0 = Debug|Any CPU
		{A9DE7100-F972-4202-AA32-96684A5550CC}.Debug|iPhoneSimulator.Deploy.0 = Debug|Any CPU
		{A9DE7100-F972-4202-AA32-96684A5550CC}.Debug|x64.ActiveCfg = Debug|Any CPU
		{A9DE7100-F972-4202-AA32-96684A5550CC}.Debug|x64.Build.0 = Debug|Any CPU
		{A9DE7100-F972-4202-AA32-96684A5550CC}.Debug|x64.Deploy.0 = Debug|Any CPU
		{A9DE7100-F972-4202-AA32-96684A5550CC}.Debug|x86.ActiveCfg = Debug|Any CPU
		{A9DE7100-F972-4202-AA32-96684A5550CC}.Debug|x86.Build.0 = Debug|Any CPU
		{A9DE7100-F972-4202-AA32-96684A5550CC}.Debug|x86.Deploy.0 = Debug|Any CPU
		{A9DE7100-F972-4202-AA32-96684A5550CC}.Release|Any CPU.ActiveCfg = Release|Any CPU
		{A9DE7100-F972-4202-AA32-96684A5550CC}.Release|Any CPU.Build.0 = Release|Any CPU
		{A9DE7100-F972-4202-AA32-96684A5550CC}.Release|Any CPU.Deploy.0 = Release|Any CPU
		{A9DE7100-F972-4202-AA32-96684A5550CC}.Release|ARM.ActiveCfg = Release|Any CPU
		{A9DE7100-F972-4202-AA32-96684A5550CC}.Release|ARM.Build.0 = Release|Any CPU
		{A9DE7100-F972-4202-AA32-96684A5550CC}.Release|ARM.Deploy.0 = Release|Any CPU
		{A9DE7100-F972-4202-AA32-96684A5550CC}.Release|iPhone.ActiveCfg = Release|Any CPU
		{A9DE7100-F972-4202-AA32-96684A5550CC}.Release|iPhone.Build.0 = Release|Any CPU
		{A9DE7100-F972-4202-AA32-96684A5550CC}.Release|iPhone.Deploy.0 = Release|Any CPU
		{A9DE7100-F972-4202-AA32-96684A5550CC}.Release|iPhoneSimulator.ActiveCfg = Release|Any CPU
		{A9DE7100-F972-4202-AA32-96684A5550CC}.Release|iPhoneSimulator.Build.0 = Release|Any CPU
		{A9DE7100-F972-4202-AA32-96684A5550CC}.Release|iPhoneSimulator.Deploy.0 = Release|Any CPU
		{A9DE7100-F972-4202-AA32-96684A5550CC}.Release|x64.ActiveCfg = Release|Any CPU
		{A9DE7100-F972-4202-AA32-96684A5550CC}.Release|x64.Build.0 = Release|Any CPU
		{A9DE7100-F972-4202-AA32-96684A5550CC}.Release|x64.Deploy.0 = Release|Any CPU
		{A9DE7100-F972-4202-AA32-96684A5550CC}.Release|x86.ActiveCfg = Release|Any CPU
		{A9DE7100-F972-4202-AA32-96684A5550CC}.Release|x86.Build.0 = Release|Any CPU
		{A9DE7100-F972-4202-AA32-96684A5550CC}.Release|x86.Deploy.0 = Release|Any CPU
		{1665B5AA-A1F9-4A33-82FE-61B6D0B2360F}.Debug|Any CPU.ActiveCfg = Debug|iPhone
		{1665B5AA-A1F9-4A33-82FE-61B6D0B2360F}.Debug|Any CPU.Build.0 = Debug|iPhone
		{1665B5AA-A1F9-4A33-82FE-61B6D0B2360F}.Debug|Any CPU.Deploy.0 = Debug|iPhone
		{1665B5AA-A1F9-4A33-82FE-61B6D0B2360F}.Debug|ARM.ActiveCfg = Debug|iPhoneSimulator
		{1665B5AA-A1F9-4A33-82FE-61B6D0B2360F}.Debug|ARM.Build.0 = Debug|iPhoneSimulator
		{1665B5AA-A1F9-4A33-82FE-61B6D0B2360F}.Debug|ARM.Deploy.0 = Debug|iPhoneSimulator
		{1665B5AA-A1F9-4A33-82FE-61B6D0B2360F}.Debug|iPhone.ActiveCfg = Debug|iPhone
		{1665B5AA-A1F9-4A33-82FE-61B6D0B2360F}.Debug|iPhone.Build.0 = Debug|iPhone
		{1665B5AA-A1F9-4A33-82FE-61B6D0B2360F}.Debug|iPhone.Deploy.0 = Debug|iPhone
		{1665B5AA-A1F9-4A33-82FE-61B6D0B2360F}.Debug|iPhoneSimulator.ActiveCfg = Debug|iPhoneSimulator
		{1665B5AA-A1F9-4A33-82FE-61B6D0B2360F}.Debug|iPhoneSimulator.Build.0 = Debug|iPhoneSimulator
		{1665B5AA-A1F9-4A33-82FE-61B6D0B2360F}.Debug|iPhoneSimulator.Deploy.0 = Debug|iPhoneSimulator
		{1665B5AA-A1F9-4A33-82FE-61B6D0B2360F}.Debug|x64.ActiveCfg = Debug|iPhone
		{1665B5AA-A1F9-4A33-82FE-61B6D0B2360F}.Debug|x64.Build.0 = Debug|iPhone
		{1665B5AA-A1F9-4A33-82FE-61B6D0B2360F}.Debug|x64.Deploy.0 = Debug|iPhone
		{1665B5AA-A1F9-4A33-82FE-61B6D0B2360F}.Debug|x86.ActiveCfg = Debug|iPhone
		{1665B5AA-A1F9-4A33-82FE-61B6D0B2360F}.Debug|x86.Build.0 = Debug|iPhone
		{1665B5AA-A1F9-4A33-82FE-61B6D0B2360F}.Debug|x86.Deploy.0 = Debug|iPhone
		{1665B5AA-A1F9-4A33-82FE-61B6D0B2360F}.Release|Any CPU.ActiveCfg = Release|iPhone
		{1665B5AA-A1F9-4A33-82FE-61B6D0B2360F}.Release|Any CPU.Build.0 = Release|iPhone
		{1665B5AA-A1F9-4A33-82FE-61B6D0B2360F}.Release|Any CPU.Deploy.0 = Release|iPhone
		{1665B5AA-A1F9-4A33-82FE-61B6D0B2360F}.Release|ARM.ActiveCfg = Release|iPhone
		{1665B5AA-A1F9-4A33-82FE-61B6D0B2360F}.Release|ARM.Build.0 = Release|iPhone
		{1665B5AA-A1F9-4A33-82FE-61B6D0B2360F}.Release|ARM.Deploy.0 = Release|iPhone
		{1665B5AA-A1F9-4A33-82FE-61B6D0B2360F}.Release|iPhone.ActiveCfg = Release|iPhone
		{1665B5AA-A1F9-4A33-82FE-61B6D0B2360F}.Release|iPhone.Build.0 = Release|iPhone
		{1665B5AA-A1F9-4A33-82FE-61B6D0B2360F}.Release|iPhone.Deploy.0 = Release|iPhone
		{1665B5AA-A1F9-4A33-82FE-61B6D0B2360F}.Release|iPhoneSimulator.ActiveCfg = Release|iPhoneSimulator
		{1665B5AA-A1F9-4A33-82FE-61B6D0B2360F}.Release|iPhoneSimulator.Build.0 = Release|iPhoneSimulator
		{1665B5AA-A1F9-4A33-82FE-61B6D0B2360F}.Release|iPhoneSimulator.Deploy.0 = Release|iPhoneSimulator
		{1665B5AA-A1F9-4A33-82FE-61B6D0B2360F}.Release|x64.ActiveCfg = Release|iPhone
		{1665B5AA-A1F9-4A33-82FE-61B6D0B2360F}.Release|x64.Build.0 = Release|iPhone
		{1665B5AA-A1F9-4A33-82FE-61B6D0B2360F}.Release|x64.Deploy.0 = Release|iPhone
		{1665B5AA-A1F9-4A33-82FE-61B6D0B2360F}.Release|x86.ActiveCfg = Release|iPhone
		{1665B5AA-A1F9-4A33-82FE-61B6D0B2360F}.Release|x86.Build.0 = Release|iPhone
		{1665B5AA-A1F9-4A33-82FE-61B6D0B2360F}.Release|x86.Deploy.0 = Release|iPhone
		{FA7B91A6-3D46-402C-8F71-17E8278C4D2E}.Debug|Any CPU.ActiveCfg = Debug|Any CPU
		{FA7B91A6-3D46-402C-8F71-17E8278C4D2E}.Debug|Any CPU.Build.0 = Debug|Any CPU
		{FA7B91A6-3D46-402C-8F71-17E8278C4D2E}.Debug|Any CPU.Deploy.0 = Debug|Any CPU
		{FA7B91A6-3D46-402C-8F71-17E8278C4D2E}.Debug|ARM.ActiveCfg = Debug|Any CPU
		{FA7B91A6-3D46-402C-8F71-17E8278C4D2E}.Debug|ARM.Build.0 = Debug|Any CPU
		{FA7B91A6-3D46-402C-8F71-17E8278C4D2E}.Debug|ARM.Deploy.0 = Debug|Any CPU
		{FA7B91A6-3D46-402C-8F71-17E8278C4D2E}.Debug|iPhone.ActiveCfg = Debug|Any CPU
		{FA7B91A6-3D46-402C-8F71-17E8278C4D2E}.Debug|iPhone.Build.0 = Debug|Any CPU
		{FA7B91A6-3D46-402C-8F71-17E8278C4D2E}.Debug|iPhone.Deploy.0 = Debug|Any CPU
		{FA7B91A6-3D46-402C-8F71-17E8278C4D2E}.Debug|iPhoneSimulator.ActiveCfg = Debug|Any CPU
		{FA7B91A6-3D46-402C-8F71-17E8278C4D2E}.Debug|iPhoneSimulator.Build.0 = Debug|Any CPU
		{FA7B91A6-3D46-402C-8F71-17E8278C4D2E}.Debug|iPhoneSimulator.Deploy.0 = Debug|Any CPU
		{FA7B91A6-3D46-402C-8F71-17E8278C4D2E}.Debug|x64.ActiveCfg = Debug|Any CPU
		{FA7B91A6-3D46-402C-8F71-17E8278C4D2E}.Debug|x64.Build.0 = Debug|Any CPU
		{FA7B91A6-3D46-402C-8F71-17E8278C4D2E}.Debug|x64.Deploy.0 = Debug|Any CPU
		{FA7B91A6-3D46-402C-8F71-17E8278C4D2E}.Debug|x86.ActiveCfg = Debug|Any CPU
		{FA7B91A6-3D46-402C-8F71-17E8278C4D2E}.Debug|x86.Build.0 = Debug|Any CPU
		{FA7B91A6-3D46-402C-8F71-17E8278C4D2E}.Debug|x86.Deploy.0 = Debug|Any CPU
		{FA7B91A6-3D46-402C-8F71-17E8278C4D2E}.Release|Any CPU.ActiveCfg = Release|Any CPU
		{FA7B91A6-3D46-402C-8F71-17E8278C4D2E}.Release|Any CPU.Build.0 = Release|Any CPU
		{FA7B91A6-3D46-402C-8F71-17E8278C4D2E}.Release|Any CPU.Deploy.0 = Release|Any CPU
		{FA7B91A6-3D46-402C-8F71-17E8278C4D2E}.Release|ARM.ActiveCfg = Release|Any CPU
		{FA7B91A6-3D46-402C-8F71-17E8278C4D2E}.Release|ARM.Build.0 = Release|Any CPU
		{FA7B91A6-3D46-402C-8F71-17E8278C4D2E}.Release|ARM.Deploy.0 = Release|Any CPU
		{FA7B91A6-3D46-402C-8F71-17E8278C4D2E}.Release|iPhone.ActiveCfg = Release|Any CPU
		{FA7B91A6-3D46-402C-8F71-17E8278C4D2E}.Release|iPhone.Build.0 = Release|Any CPU
		{FA7B91A6-3D46-402C-8F71-17E8278C4D2E}.Release|iPhone.Deploy.0 = Release|Any CPU
		{FA7B91A6-3D46-402C-8F71-17E8278C4D2E}.Release|iPhoneSimulator.ActiveCfg = Release|Any CPU
		{FA7B91A6-3D46-402C-8F71-17E8278C4D2E}.Release|iPhoneSimulator.Build.0 = Release|Any CPU
		{FA7B91A6-3D46-402C-8F71-17E8278C4D2E}.Release|iPhoneSimulator.Deploy.0 = Release|Any CPU
		{FA7B91A6-3D46-402C-8F71-17E8278C4D2E}.Release|x64.ActiveCfg = Release|Any CPU
		{FA7B91A6-3D46-402C-8F71-17E8278C4D2E}.Release|x64.Build.0 = Release|Any CPU
		{FA7B91A6-3D46-402C-8F71-17E8278C4D2E}.Release|x64.Deploy.0 = Release|Any CPU
		{FA7B91A6-3D46-402C-8F71-17E8278C4D2E}.Release|x86.ActiveCfg = Release|Any CPU
		{FA7B91A6-3D46-402C-8F71-17E8278C4D2E}.Release|x86.Build.0 = Release|Any CPU
		{FA7B91A6-3D46-402C-8F71-17E8278C4D2E}.Release|x86.Deploy.0 = Release|Any CPU
	EndGlobalSection
	GlobalSection(SolutionProperties) = preSolution
		HideSolutionNode = FALSE
	EndGlobalSection
	GlobalSection(ExtensibilityGlobals) = postSolution
		SolutionGuid = {926AA015-7699-4FC3-8FD6-70807E6D7F05}
	EndGlobalSection
EndGlobal
